<?xml version="1.0" encoding="UTF-8" standalone="yes" ?>
<CodeBlocks_project_file>
	<FileVersion major="1" minor="6" />
	<Project>
		<Option title="battle game" />
		<Option pch_mode="2" />
		<Option compiler="gcc" />
		<Build>
			<Target title="Debug">
				<Option output="bin/Debug/battle game" prefix_auto="1" extension_auto="1" />
				<Option object_output="obj/Debug/" />
				<Option type="1" />
				<Option compiler="gcc" />
				<Compiler>
					<Add option="-g" />
				</Compiler>
			</Target>
			<Target title="Release">
				<Option output="bin/Release/battle game" prefix_auto="1" extension_auto="1" />
				<Option object_output="obj/Release/" />
				<Option type="1" />
				<Option compiler="gcc" />
				<Compiler>
					<Add option="-O2" />
				</Compiler>
				<Linker>
					<Add option="-s" />
				</Linker>
			</Target>
		</Build>
		<Compiler>
			<Add option="-Wall" />
			<Add option="-fexceptions" />
		</Compiler>
		<Unit filename="BloodHarvester.h" />
		<Unit filename="CelestialOrb.h" />
		<Unit filename="DragonsFang.h" />
		<Unit filename="EnchantedAmulet.h" />
		<Unit filename="EnemyAbilities.h" />
		<Unit filename="ForeignRune.h" />
		<Unit filename="GenerateEnemyStats.h" />
		<Unit filename="ShadowBlade.h" />
		<Unit filename="ShadowReaper.h" />
		<Unit filename="dependencies.h" />
		<Unit filename="hero_stats.h" />
		<Unit filename="main.cpp" />
		<Extensions />
	</Project>
</CodeBlocks_project_file>
